// !$*UTF8*$!
{
	archiveVersion = 1;
	classes = {
	};
	objectVersion = 50;
	objects = {

/* Begin PBXBuildFile section */
		AA19C5F4246AF04200F96966 /* AppDelegate.swift in Sources */ = {isa = PBXBuildFile; fileRef = AA19C5F3246AF04200F96966 /* AppDelegate.swift */; };
		AA19C5F6246AF04200F96966 /* art.scnassets in Resources */ = {isa = PBXBuildFile; fileRef = AA19C5F5246AF04200F96966 /* art.scnassets */; };
		AA19C5F8246AF04200F96966 /* ViewController.swift in Sources */ = {isa = PBXBuildFile; fileRef = AA19C5F7246AF04200F96966 /* ViewController.swift */; };
		AA19C5FB246AF04200F96966 /* Main.storyboard in Resources */ = {isa = PBXBuildFile; fileRef = AA19C5F9246AF04200F96966 /* Main.storyboard */; };
		AA19C5FD246AF04500F96966 /* Assets.xcassets in Resources */ = {isa = PBXBuildFile; fileRef = AA19C5FC246AF04500F96966 /* Assets.xcassets */; };
		AA19C600246AF04500F96966 /* LaunchScreen.storyboard in Resources */ = {isa = PBXBuildFile; fileRef = AA19C5FE246AF04500F96966 /* LaunchScreen.storyboard */; };
		AA19C60B246AF04500F96966 /* arkit_facetrackingTests.swift in Sources */ = {isa = PBXBuildFile; fileRef = AA19C60A246AF04500F96966 /* arkit_facetrackingTests.swift */; };
		AA19C616246AF04500F96966 /* arkit_facetrackingUITests.swift in Sources */ = {isa = PBXBuildFile; fileRef = AA19C615246AF04500F96966 /* arkit_facetrackingUITests.swift */; };
/* End PBXBuildFile section */

/* Begin PBXContainerItemProxy section */
		AA19C607246AF04500F96966 /* PBXContainerItemProxy */ = {
			isa = PBXContainerItemProxy;
			containerPortal = AA19C5E8246AF04200F96966 /* Project object */;
			proxyType = 1;
			remoteGlobalIDString = AA19C5EF246AF04200F96966;
			remoteInfo = arkit_facetracking;
		};
		AA19C612246AF04500F96966 /* PBXContainerItemProxy */ = {
			isa = PBXContainerItemProxy;
			containerPortal = AA19C5E8246AF04200F96966 /* Project object */;
			proxyType = 1;
			remoteGlobalIDString = AA19C5EF246AF04200F96966;
			remoteInfo = arkit_facetracking;
		};
/* End PBXContainerItemProxy section */

/* Begin PBXFileReference section */
		AA19C5F0246AF04200F96966 /* arkit_facetracking.app */ = {isa = PBXFileReference; explicitFileType = wrapper.application; includeInIndex = 0; path = arkit_facetracking.app; sourceTree = BUILT_PRODUCTS_DIR; };
		AA19C5F3246AF04200F96966 /* AppDelegate.swift */ = {isa = PBXFileReference; lastKnownFileType = sourcecode.swift; path = AppDelegate.swift; sourceTree = "<group>"; };
		AA19C5F5246AF04200F96966 /* art.scnassets */ = {isa = PBXFileReference; lastKnownFileType = wrapper.scnassets; path = art.scnassets; sourceTree = "<group>"; };
		AA19C5F7246AF04200F96966 /* ViewController.swift */ = {isa = PBXFileReference; lastKnownFileType = sourcecode.swift; path = ViewController.swift; sourceTree = "<group>"; };
		AA19C5FA246AF04200F96966 /* Base */ = {isa = PBXFileReference; lastKnownFileType = file.storyboard; name = Base; path = Base.lproj/Main.storyboard; sourceTree = "<group>"; };
		AA19C5FC246AF04500F96966 /* Assets.xcassets */ = {isa = PBXFileReference; lastKnownFileType = folder.assetcatalog; path = Assets.xcassets; sourceTree = "<group>"; };
		AA19C5FF246AF04500F96966 /* Base */ = {isa = PBXFileReference; lastKnownFileType = file.storyboard; name = Base; path = Base.lproj/LaunchScreen.storyboard; sourceTree = "<group>"; };
		AA19C601246AF04500F96966 /* Info.plist */ = {isa = PBXFileReference; lastKnownFileType = text.plist.xml; path = Info.plist; sourceTree = "<group>"; };
		AA19C606246AF04500F96966 /* arkit_facetrackingTests.xctest */ = {isa = PBXFileReference; explicitFileType = wrapper.cfbundle; includeInIndex = 0; path = arkit_facetrackingTests.xctest; sourceTree = BUILT_PRODUCTS_DIR; };
		AA19C60A246AF04500F96966 /* arkit_facetrackingTests.swift */ = {isa = PBXFileReference; lastKnownFileType = sourcecode.swift; path = arkit_facetrackingTests.swift; sourceTree = "<group>"; };
		AA19C60C246AF04500F96966 /* Info.plist */ = {isa = PBXFileReference; lastKnownFileType = text.plist.xml; path = Info.plist; sourceTree = "<group>"; };
		AA19C611246AF04500F96966 /* arkit_facetrackingUITests.xctest */ = {isa = PBXFileReference; explicitFileType = wrapper.cfbundle; includeInIndex = 0; path = arkit_facetrackingUITests.xctest; sourceTree = BUILT_PRODUCTS_DIR; };
		AA19C615246AF04500F96966 /* arkit_facetrackingUITests.swift */ = {isa = PBXFileReference; lastKnownFileType = sourcecode.swift; path = arkit_facetrackingUITests.swift; sourceTree = "<group>"; };
		AA19C617246AF04500F96966 /* Info.plist */ = {isa = PBXFileReference; lastKnownFileType = text.plist.xml; path = Info.plist; sourceTree = "<group>"; };
/* End PBXFileReference section */

/* Begin PBXFrameworksBuildPhase section */
		AA19C5ED246AF04200F96966 /* Frameworks */ = {
			isa = PBXFrameworksBuildPhase;
			buildActionMask = 2147483647;
			files = (
			);
			runOnlyForDeploymentPostprocessing = 0;
		};
		AA19C603246AF04500F96966 /* Frameworks */ = {
			isa = PBXFrameworksBuildPhase;
			buildActionMask = 2147483647;
			files = (
			);
			runOnlyForDeploymentPostprocessing = 0;
		};
		AA19C60E246AF04500F96966 /* Frameworks */ = {
			isa = PBXFrameworksBuildPhase;
			buildActionMask = 2147483647;
			files = (
			);
			runOnlyForDeploymentPostprocessing = 0;
		};
/* End PBXFrameworksBuildPhase section */

/* Begin PBXGroup section */
		AA19C5E7246AF04200F96966 = {
			isa = PBXGroup;
			children = (
				AA19C5F2246AF04200F96966 /* arkit_facetracking */,
				AA19C609246AF04500F96966 /* arkit_facetrackingTests */,
				AA19C614246AF04500F96966 /* arkit_facetrackingUITests */,
				AA19C5F1246AF04200F96966 /* Products */,
			);
			sourceTree = "<group>";
		};
		AA19C5F1246AF04200F96966 /* Products */ = {
			isa = PBXGroup;
			children = (
				AA19C5F0246AF04200F96966 /* arkit_facetracking.app */,
				AA19C606246AF04500F96966 /* arkit_facetrackingTests.xctest */,
				AA19C611246AF04500F96966 /* arkit_facetrackingUITests.xctest */,
			);
			name = Products;
			sourceTree = "<group>";
		};
		AA19C5F2246AF04200F96966 /* arkit_facetracking */ = {
			isa = PBXGroup;
			children = (
				AA19C5F3246AF04200F96966 /* AppDelegate.swift */,
				AA19C5F5246AF04200F96966 /* art.scnassets */,
				AA19C5F7246AF04200F96966 /* ViewController.swift */,
				AA19C5F9246AF04200F96966 /* Main.storyboard */,
				AA19C5FC246AF04500F96966 /* Assets.xcassets */,
				AA19C5FE246AF04500F96966 /* LaunchScreen.storyboard */,
				AA19C601246AF04500F96966 /* Info.plist */,
			);
			path = arkit_facetracking;
			sourceTree = "<group>";
		};
		AA19C609246AF04500F96966 /* arkit_facetrackingTests */ = {
			isa = PBXGroup;
			children = (
				AA19C60A246AF04500F96966 /* arkit_facetrackingTests.swift */,
				AA19C60C246AF04500F96966 /* Info.plist */,
			);
			path = arkit_facetrackingTests;
			sourceTree = "<group>";
		};
		AA19C614246AF04500F96966 /* arkit_facetrackingUITests */ = {
			isa = PBXGroup;
			children = (
				AA19C615246AF04500F96966 /* arkit_facetrackingUITests.swift */,
				AA19C617246AF04500F96966 /* Info.plist */,
			);
			path = arkit_facetrackingUITests;
			sourceTree = "<group>";
		};
/* End PBXGroup section */

/* Begin PBXNativeTarget section */
		AA19C5EF246AF04200F96966 /* arkit_facetracking */ = {
			isa = PBXNativeTarget;
			buildConfigurationList = AA19C61A246AF04500F96966 /* Build configuration list for PBXNativeTarget "arkit_facetracking" */;
			buildPhases = (
				AA19C5EC246AF04200F96966 /* Sources */,
				AA19C5ED246AF04200F96966 /* Frameworks */,
				AA19C5EE246AF04200F96966 /* Resources */,
			);
			buildRules = (
			);
			dependencies = (
			);
			name = arkit_facetracking;
			productName = arkit_facetracking;
			productReference = AA19C5F0246AF04200F96966 /* arkit_facetracking.app */;
			productType = "com.apple.product-type.application";
		};
		AA19C605246AF04500F96966 /* arkit_facetrackingTests */ = {
			isa = PBXNativeTarget;
			buildConfigurationList = AA19C61D246AF04500F96966 /* Build configuration list for PBXNativeTarget "arkit_facetrackingTests" */;
			buildPhases = (
				AA19C602246AF04500F96966 /* Sources */,
				AA19C603246AF04500F96966 /* Frameworks */,
				AA19C604246AF04500F96966 /* Resources */,
			);
			buildRules = (
			);
			dependencies = (
				AA19C608246AF04500F96966 /* PBXTargetDependency */,
			);
			name = arkit_facetrackingTests;
			productName = arkit_facetrackingTests;
			productReference = AA19C606246AF04500F96966 /* arkit_facetrackingTests.xctest */;
			productType = "com.apple.product-type.bundle.unit-test";
		};
		AA19C610246AF04500F96966 /* arkit_facetrackingUITests */ = {
			isa = PBXNativeTarget;
			buildConfigurationList = AA19C620246AF04500F96966 /* Build configuration list for PBXNativeTarget "arkit_facetrackingUITests" */;
			buildPhases = (
				AA19C60D246AF04500F96966 /* Sources */,
				AA19C60E246AF04500F96966 /* Frameworks */,
				AA19C60F246AF04500F96966 /* Resources */,
			);
			buildRules = (
			);
			dependencies = (
				AA19C613246AF04500F96966 /* PBXTargetDependency */,
			);
			name = arkit_facetrackingUITests;
			productName = arkit_facetrackingUITests;
			productReference = AA19C611246AF04500F96966 /* arkit_facetrackingUITests.xctest */;
			productType = "com.apple.product-type.bundle.ui-testing";
		};
/* End PBXNativeTarget section */

/* Begin PBXProject section */
		AA19C5E8246AF04200F96966 /* Project object */ = {
			isa = PBXProject;
			attributes = {
				LastSwiftUpdateCheck = 1140;
				LastUpgradeCheck = 1140;
				ORGANIZATIONNAME = AND;
				TargetAttributes = {
					AA19C5EF246AF04200F96966 = {
						CreatedOnToolsVersion = 11.4.1;
					};
					AA19C605246AF04500F96966 = {
						CreatedOnToolsVersion = 11.4.1;
						TestTargetID = AA19C5EF246AF04200F96966;
					};
					AA19C610246AF04500F96966 = {
						CreatedOnToolsVersion = 11.4.1;
						TestTargetID = AA19C5EF246AF04200F96966;
					};
				};
			};
			buildConfigurationList = AA19C5EB246AF04200F96966 /* Build configuration list for PBXProject "arkit_facetracking" */;
			compatibilityVersion = "Xcode 9.3";
			developmentRegion = en;
			hasScannedForEncodings = 0;
			knownRegions = (
				en,
				Base,
			);
			mainGroup = AA19C5E7246AF04200F96966;
			productRefGroup = AA19C5F1246AF04200F96966 /* Products */;
			projectDirPath = "";
			projectRoot = "";
			targets = (
				AA19C5EF246AF04200F96966 /* arkit_facetracking */,
				AA19C605246AF04500F96966 /* arkit_facetrackingTests */,
				AA19C610246AF04500F96966 /* arkit_facetrackingUITests */,
			);
		};
/* End PBXProject section */

/* Begin PBXResourcesBuildPhase section */
		AA19C5EE246AF04200F96966 /* Resources */ = {
			isa = PBXResourcesBuildPhase;
			buildActionMask = 2147483647;
			files = (
				AA19C5F6246AF04200F96966 /* art.scnassets in Resources */,
				AA19C600246AF04500F96966 /* LaunchScreen.storyboard in Resources */,
				AA19C5FD246AF04500F96966 /* Assets.xcassets in Resources */,
				AA19C5FB246AF04200F96966 /* Main.storyboard in Resources */,
			);
			runOnlyForDeploymentPostprocessing = 0;
		};
		AA19C604246AF04500F96966 /* Resources */ = {
			isa = PBXResourcesBuildPhase;
			buildActionMask = 2147483647;
			files = (
			);
			runOnlyForDeploymentPostprocessing = 0;
		};
		AA19C60F246AF04500F96966 /* Resources */ = {
			isa = PBXResourcesBuildPhase;
			buildActionMask = 2147483647;
			files = (
			);
			runOnlyForDeploymentPostprocessing = 0;
		};
/* End PBXResourcesBuildPhase section */

/* Begin PBXSourcesBuildPhase section */
		AA19C5EC246AF04200F96966 /* Sources */ = {
			isa = PBXSourcesBuildPhase;
			buildActionMask = 2147483647;
			files = (
				AA19C5F8246AF04200F96966 /* ViewController.swift in Sources */,
				AA19C5F4246AF04200F96966 /* AppDelegate.swift in Sources */,
			);
			runOnlyForDeploymentPostprocessing = 0;
		};
		AA19C602246AF04500F96966 /* Sources */ = {
			isa = PBXSourcesBuildPhase;
			buildActionMask = 2147483647;
			files = (
				AA19C60B246AF04500F96966 /* arkit_facetrackingTests.swift in Sources */,
			);
			runOnlyForDeploymentPostprocessing = 0;
		};
		AA19C60D246AF04500F96966 /* Sources */ = {
			isa = PBXSourcesBuildPhase;
			buildActionMask = 2147483647;
			files = (
				AA19C616246AF04500F96966 /* arkit_facetrackingUITests.swift in Sources */,
			);
			runOnlyForDeploymentPostprocessing = 0;
		};
/* End PBXSourcesBuildPhase section */

/* Begin PBXTargetDependency section */
		AA19C608246AF04500F96966 /* PBXTargetDependency */ = {
			isa = PBXTargetDependency;
			target = AA19C5EF246AF04200F96966 /* arkit_facetracking */;
			targetProxy = AA19C607246AF04500F96966 /* PBXContainerItemProxy */;
		};
		AA19C613246AF04500F96966 /* PBXTargetDependency */ = {
			isa = PBXTargetDependency;
			target = AA19C5EF246AF04200F96966 /* arkit_facetracking */;
			targetProxy = AA19C612246AF04500F96966 /* PBXContainerItemProxy */;
		};
/* End PBXTargetDependency section */

/* Begin PBXVariantGroup section */
		AA19C5F9246AF04200F96966 /* Main.storyboard */ = {
			isa = PBXVariantGroup;
			children = (
				AA19C5FA246AF04200F96966 /* Base */,
			);
			name = Main.storyboard;
			sourceTree = "<group>";
		};
		AA19C5FE246AF04500F96966 /* LaunchScreen.storyboard */ = {
			isa = PBXVariantGroup;
			children = (
				AA19C5FF246AF04500F96966 /* Base */,
			);
			name = LaunchScreen.storyboard;
			sourceTree = "<group>";
		};
/* End PBXVariantGroup section */

/* Begin XCBuildConfiguration section */
		AA19C618246AF04500F96966 /* Debug */ = {
			isa = XCBuildConfiguration;
			buildSettings = {
				ALWAYS_SEARCH_USER_PATHS = NO;
				CLANG_ANALYZER_NONNULL = YES;
				CLANG_ANALYZER_NUMBER_OBJECT_CONVERSION = YES_AGGRESSIVE;
				CLANG_CXX_LANGUAGE_STANDARD = "gnu++14";
				CLANG_CXX_LIBRARY = "libc++";
				CLANG_ENABLE_MODULES = YES;
				CLANG_ENABLE_OBJC_ARC = YES;
				CLANG_ENABLE_OBJC_WEAK = YES;
				CLANG_WARN_BLOCK_CAPTURE_AUTORELEASING = YES;
				CLANG_WARN_BOOL_CONVERSION = YES;
				CLANG_WARN_COMMA = YES;
				CLANG_WARN_CONSTANT_CONVERSION = YES;
				CLANG_WARN_DEPRECATED_OBJC_IMPLEMENTATIONS = YES;
				CLANG_WARN_DIRECT_OBJC_ISA_USAGE = YES_ERROR;
				CLANG_WARN_DOCUMENTATION_COMMENTS = YES;
				CLANG_WARN_EMPTY_BODY = YES;
				CLANG_WARN_ENUM_CONVERSION = YES;
				CLANG_WARN_INFINITE_RECURSION = YES;
				CLANG_WARN_INT_CONVERSION = YES;
				CLANG_WARN_NON_LITERAL_NULL_CONVERSION = YES;
				CLANG_WARN_OBJC_IMPLICIT_RETAIN_SELF = YES;
				CLANG_WARN_OBJC_LITERAL_CONVERSION = YES;
				CLANG_WARN_OBJC_ROOT_CLASS = YES_ERROR;
				CLANG_WARN_RANGE_LOOP_ANALYSIS = YES;
				CLANG_WARN_STRICT_PROTOTYPES = YES;
				CLANG_WARN_SUSPICIOUS_MOVE = YES;
				CLANG_WARN_UNGUARDED_AVAILABILITY = YES_AGGRESSIVE;
				CLANG_WARN_UNREACHABLE_CODE = YES;
				CLANG_WARN__DUPLICATE_METHOD_MATCH = YES;
				COPY_PHASE_STRIP = NO;
				DEBUG_INFORMATION_FORMAT = dwarf;
				ENABLE_STRICT_OBJC_MSGSEND = YES;
				ENABLE_TESTABILITY = YES;
				GCC_C_LANGUAGE_STANDARD = gnu11;
				GCC_DYNAMIC_NO_PIC = NO;
				GCC_NO_COMMON_BLOCKS = YES;
				GCC_OPTIMIZATION_LEVEL = 0;
				GCC_PREPROCESSOR_DEFINITIONS = (
					"DEBUG=1",
					"$(inherited)",
				);
				GCC_WARN_64_TO_32_BIT_CONVERSION = YES;
				GCC_WARN_ABOUT_RETURN_TYPE = YES_ERROR;
				GCC_WARN_UNDECLARED_SELECTOR = YES;
				GCC_WARN_UNINITIALIZED_AUTOS = YES_AGGRESSIVE;
				GCC_WARN_UNUSED_FUNCTION = YES;
				GCC_WARN_UNUSED_VARIABLE = YES;
				IPHONEOS_DEPLOYMENT_TARGET = 13.4;
				MTL_ENABLE_DEBUG_INFO = INCLUDE_SOURCE;
				MTL_FAST_MATH = YES;
				ONLY_ACTIVE_ARCH = YES;
				SDKROOT = iphoneos;
				SWIFT_ACTIVE_COMPILATION_CONDITIONS = DEBUG;
				SWIFT_OPTIMIZATION_LEVEL = "-Onone";
			};
			name = Debug;
		};
		AA19C619246AF04500F96966 /* Release */ = {
			isa = XCBuildConfiguration;
			buildSettings = {
				ALWAYS_SEARCH_USER_PATHS = NO;
				CLANG_ANALYZER_NONNULL = YES;
				CLANG_ANALYZER_NUMBER_OBJECT_CONVERSION = YES_AGGRESSIVE;
				CLANG_CXX_LANGUAGE_STANDARD = "gnu++14";
				CLANG_CXX_LIBRARY = "libc++";
				CLANG_ENABLE_MODULES = YES;
				CLANG_ENABLE_OBJC_ARC = YES;
				CLANG_ENABLE_OBJC_WEAK = YES;
				CLANG_WARN_BLOCK_CAPTURE_AUTORELEASING = YES;
				CLANG_WARN_BOOL_CONVERSION = YES;
				CLANG_WARN_COMMA = YES;
				CLANG_WARN_CONSTANT_CONVERSION = YES;
				CLANG_WARN_DEPRECATED_OBJC_IMPLEMENTATIONS = YES;
				CLANG_WARN_DIRECT_OBJC_ISA_USAGE = YES_ERROR;
				CLANG_WARN_DOCUMENTATION_COMMENTS = YES;
				CLANG_WARN_EMPTY_BODY = YES;
				CLANG_WARN_ENUM_CONVERSION = YES;
				CLANG_WARN_INFINITE_RECURSION = YES;
				CLANG_WARN_INT_CONVERSION = YES;
				CLANG_WARN_NON_LITERAL_NULL_CONVERSION = YES;
				CLANG_WARN_OBJC_IMPLICIT_RETAIN_SELF = YES;
				CLANG_WARN_OBJC_LITERAL_CONVERSION = YES;
				CLANG_WARN_OBJC_ROOT_CLASS = YES_ERROR;
				CLANG_WARN_RANGE_LOOP_ANALYSIS = YES;
				CLANG_WARN_STRICT_PROTOTYPES = YES;
				CLANG_WARN_SUSPICIOUS_MOVE = YES;
				CLANG_WARN_UNGUARDED_AVAILABILITY = YES_AGGRESSIVE;
				CLANG_WARN_UNREACHABLE_CODE = YES;
				CLANG_WARN__DUPLICATE_METHOD_MATCH = YES;
				COPY_PHASE_STRIP = NO;
				DEBUG_INFORMATION_FORMAT = "dwarf-with-dsym";
				ENABLE_NS_ASSERTIONS = NO;
				ENABLE_STRICT_OBJC_MSGSEND = YES;
				GCC_C_LANGUAGE_STANDARD = gnu11;
				GCC_NO_COMMON_BLOCKS = YES;
				GCC_WARN_64_TO_32_BIT_CONVERSION = YES;
				GCC_WARN_ABOUT_RETURN_TYPE = YES_ERROR;
				GCC_WARN_UNDECLARED_SELECTOR = YES;
				GCC_WARN_UNINITIALIZED_AUTOS = YES_AGGRESSIVE;
				GCC_WARN_UNUSED_FUNCTION = YES;
				GCC_WARN_UNUSED_VARIABLE = YES;
				IPHONEOS_DEPLOYMENT_TARGET = 13.4;
				MTL_ENABLE_DEBUG_INFO = NO;
				MTL_FAST_MATH = YES;
				SDKROOT = iphoneos;
				SWIFT_COMPILATION_MODE = wholemodule;
				SWIFT_OPTIMIZATION_LEVEL = "-O";
				VALIDATE_PRODUCT = YES;
			};
			name = Release;
		};
		AA19C61B246AF04500F96966 /* Debug */ = {
			isa = XCBuildConfiguration;
			buildSettings = {
				ASSETCATALOG_COMPILER_APPICON_NAME = AppIcon;
				CODE_SIGN_STYLE = Automatic;
				DEVELOPMENT_TEAM = 7BEMYADRJ6;
				INFOPLIST_FILE = arkit_facetracking/Info.plist;
				LD_RUNPATH_SEARCH_PATHS = (
					"$(inherited)",
					"@executable_path/Frameworks",
				);
				PRODUCT_BUNDLE_IDENTIFIER = "com.gmail.xan7030.arkit-facetracking";
				PRODUCT_NAME = "$(TARGET_NAME)";
				SWIFT_VERSION = 5.0;
				TARGETED_DEVICE_FAMILY = "1,2";
			};
			name = Debug;
		};
		AA19C61C246AF04500F96966 /* Release */ = {
			isa = XCBuildConfiguration;
			buildSettings = {
				ASSETCATALOG_COMPILER_APPICON_NAME = AppIcon;
				CODE_SIGN_STYLE = Automatic;
				DEVELOPMENT_TEAM = 7BEMYADRJ6;
				INFOPLIST_FILE = arkit_facetracking/Info.plist;
				LD_RUNPATH_SEARCH_PATHS = (
					"$(inherited)",
					"@executable_path/Frameworks",
				);
				PRODUCT_BUNDLE_IDENTIFIER = "com.gmail.xan7030.arkit-facetracking";
				PRODUCT_NAME = "$(TARGET_NAME)";
				SWIFT_VERSION = 5.0;
				TARGETED_DEVICE_FAMILY = "1,2";
			};
			name = Release;
		};
		AA19C61E246AF04500F96966 /* Debug */ = {
			isa = XCBuildConfiguration;
			buildSettings = {
				ALWAYS_EMBED_SWIFT_STANDARD_LIBRARIES = YES;
				BUNDLE_LOADER = "$(TEST_HOST)";
				CODE_SIGN_STYLE = Automatic;
				DEVELOPMENT_TEAM = 7BEMYADRJ6;
				INFOPLIST_FILE = arkit_facetrackingTests/Info.plist;
				IPHONEOS_DEPLOYMENT_TARGET = 13.4;
				LD_RUNPATH_SEARCH_PATHS = (
					"$(inherited)",
					"@executable_path/Frameworks",
					"@loader_path/Frameworks",
				);
				PRODUCT_BUNDLE_IDENTIFIER = "com.gmail.xan7030.arkit-facetrackingTests";
				PRODUCT_NAME = "$(TARGET_NAME)";
				SWIFT_VERSION = 5.0;
				TARGETED_DEVICE_FAMILY = "1,2";
				TEST_HOST = "$(BUILT_PRODUCTS_DIR)/arkit_facetracking.app/arkit_facetracking";
			};
			name = Debug;
		};
		AA19C61F246AF04500F96966 /* Release */ = {
			isa = XCBuildConfiguration;
			buildSettings = {
				ALWAYS_EMBED_SWIFT_STANDARD_LIBRARIES = YES;
				BUNDLE_LOADER = "$(TEST_HOST)";
				CODE_SIGN_STYLE = Automatic;
				DEVELOPMENT_TEAM = 7BEMYADRJ6;
				INFOPLIST_FILE = arkit_facetrackingTests/Info.plist;
				IPHONEOS_DEPLOYMENT_TARGET = 13.4;
				LD_RUNPATH_SEARCH_PATHS = (
					"$(inherited)",
					"@executable_path/Frameworks",
					"@loader_path/Frameworks",
				);
				PRODUCT_BUNDLE_IDENTIFIER = "com.gmail.xan7030.arkit-facetrackingTests";
				PRODUCT_NAME = "$(TARGET_NAME)";
				SWIFT_VERSION = 5.0;
				TARGETED_DEVICE_FAMILY = "1,2";
				TEST_HOST = "$(BUILT_PRODUCTS_DIR)/arkit_facetracking.app/arkit_facetracking";
			};
			name = Release;
		};
		AA19C621246AF04500F96966 /* Debug */ = {
			isa = XCBuildConfiguration;
			buildSettings = {
				ALWAYS_EMBED_SWIFT_STANDARD_LIBRARIES = YES;
				CODE_SIGN_STYLE = Automatic;
				DEVELOPMENT_TEAM = 7BEMYADRJ6;
				INFOPLIST_FILE = arkit_facetrackingUITests/Info.plist;
				LD_RUNPATH_SEARCH_PATHS = (
					"$(inherited)",
					"@executable_path/Frameworks",
					"@loader_path/Frameworks",
				);
				PRODUCT_BUNDLE_IDENTIFIER = "com.gmail.xan7030.arkit-facetrackingUITests";
				PRODUCT_NAME = "$(TARGET_NAME)";
				SWIFT_VERSION = 5.0;
				TARGETED_DEVICE_FAMILY = "1,2";
				TEST_TARGET_NAME = arkit_facetracking;
			};
			name = Debug;
		};
		AA19C622246AF04500F96966 /* Release */ = {
			isa = XCBuildConfiguration;
			buildSettings = {
				ALWAYS_EMBED_SWIFT_STANDARD_LIBRARIES = YES;
				CODE_SIGN_STYLE = Automatic;
				DEVELOPMENT_TEAM = 7BEMYADRJ6;
				INFOPLIST_FILE = arkit_facetrackingUITests/Info.plist;
				LD_RUNPATH_SEARCH_PATHS = (
					"$(inherited)",
					"@executable_path/Frameworks",
					"@loader_path/Frameworks",
				);
				PRODUCT_BUNDLE_IDENTIFIER = "com.gmail.xan7030.arkit-facetrackingUITests";
				PRODUCT_NAME = "$(TARGET_NAME)";
				SWIFT_VERSION = 5.0;
				TARGETED_DEVICE_FAMILY = "1,2";
				TEST_TARGET_NAME = arkit_facetracking;
			};
			name = Release;
		};
/* End XCBuildConfiguration section */

/* Begin XCConfigurationList section */
		AA19C5EB246AF04200F96966 /* Build configuration list for PBXProject "arkit_facetracking" */ = {
			isa = XCConfigurationList;
			buildConfigurations = (
				AA19C618246AF04500F96966 /* Debug */,
				AA19C619246AF04500F96966 /* Release */,
			);
			defaultConfigurationIsVisible = 0;
			defaultConfigurationName = Release;
		};
		AA19C61A246AF04500F96966 /* Build configuration list for PBXNativeTarget "arkit_facetracking" */ = {
			isa = XCConfigurationList;
			buildConfigurations = (
				AA19C61B246AF04500F96966 /* Debug */,
				AA19C61C246AF04500F96966 /* Release */,
			);
			defaultConfigurationIsVisible = 0;
			defaultConfigurationName = Release;
		};
		AA19C61D246AF04500F96966 /* Build configuration list for PBXNativeTarget "arkit_facetrackingTests" */ = {
			isa = XCConfigurationList;
			buildConfigurations = (
				AA19C61E246AF04500F96966 /* Debug */,
				AA19C61F246AF04500F96966 /* Release */,
			);
			defaultConfigurationIsVisible = 0;
			defaultConfigurationName = Release;
		};
		AA19C620246AF04500F96966 /* Build configuration list for PBXNativeTarget "arkit_facetrackingUITests" */ = {
			isa = XCConfigurationList;
			buildConfigurations = (
				AA19C621246AF04500F96966 /* Debug */,
				AA19C622246AF04500F96966 /* Release */,
			);
			defaultConfigurationIsVisible = 0;
			defaultConfigurationName = Release;
		};
/* End XCConfigurationList section */
	};
	rootObject = AA19C5E8246AF04200F96966 /* Project object */;
}
